// !$*UTF8*$!
{
	archiveVersion = 1;
	classes = {
	};
	objectVersion = 56;
	objects = {

/* Begin PBXBuildFile section */
		A81FCB7F2949BDE500C2705C /* MultipleImagesDummyApp.swift in Sources */ = {isa = PBXBuildFile; fileRef = A81FCB7E2949BDE500C2705C /* MultipleImagesDummyApp.swift */; };
		A81FCB812949BDE600C2705C /* ContentView.swift in Sources */ = {isa = PBXBuildFile; fileRef = A81FCB802949BDE600C2705C /* ContentView.swift */; };
		A81FCB832949BE0100C2705C /* Assets.xcassets in Resources */ = {isa = PBXBuildFile; fileRef = A81FCB822949BE0100C2705C /* Assets.xcassets */; };
		A81FCB862949BE0100C2705C /* Preview Assets.xcassets in Resources */ = {isa = PBXBuildFile; fileRef = A81FCB852949BE0100C2705C /* Preview Assets.xcassets */; };
		A81FCB8E2949DDC400C2705C /* Mac2.jpeg in Resources */ = {isa = PBXBuildFile; fileRef = A81FCB8C2949DDC400C2705C /* Mac2.jpeg */; };
		A81FCB8F2949DDC400C2705C /* Mac.jpeg in Resources */ = {isa = PBXBuildFile; fileRef = A81FCB8D2949DDC400C2705C /* Mac.jpeg */; };
		A81FCB912949DE2D00C2705C /* ImageWidget.swift in Sources */ = {isa = PBXBuildFile; fileRef = A81FCB902949DE2D00C2705C /* ImageWidget.swift */; };
/* End PBXBuildFile section */

/* Begin PBXFileReference section */
		A81FCB7B2949BDE400C2705C /* MultipleImagesDummy.app */ = {isa = PBXFileReference; explicitFileType = wrapper.application; includeInIndex = 0; path = MultipleImagesDummy.app; sourceTree = BUILT_PRODUCTS_DIR; };
		A81FCB7E2949BDE500C2705C /* MultipleImagesDummyApp.swift */ = {isa = PBXFileReference; lastKnownFileType = sourcecode.swift; path = MultipleImagesDummyApp.swift; sourceTree = "<group>"; };
		A81FCB802949BDE600C2705C /* ContentView.swift */ = {isa = PBXFileReference; lastKnownFileType = sourcecode.swift; path = ContentView.swift; sourceTree = "<group>"; };
		A81FCB822949BE0100C2705C /* Assets.xcassets */ = {isa = PBXFileReference; lastKnownFileType = folder.assetcatalog; path = Assets.xcassets; sourceTree = "<group>"; };
		A81FCB852949BE0100C2705C /* Preview Assets.xcassets */ = {isa = PBXFileReference; lastKnownFileType = folder.assetcatalog; path = "Preview Assets.xcassets"; sourceTree = "<group>"; };
		A81FCB8C2949DDC400C2705C /* Mac2.jpeg */ = {isa = PBXFileReference; lastKnownFileType = image.jpeg; name = Mac2.jpeg; path = ../../../Downloads/Mac2.jpeg; sourceTree = "<group>"; };
		A81FCB8D2949DDC400C2705C /* Mac.jpeg */ = {isa = PBXFileReference; lastKnownFileType = image.jpeg; name = Mac.jpeg; path = ../../../Downloads/Mac.jpeg; sourceTree = "<group>"; };
		A81FCB902949DE2D00C2705C /* ImageWidget.swift */ = {isa = PBXFileReference; lastKnownFileType = sourcecode.swift; path = ImageWidget.swift; sourceTree = "<group>"; };
/* End PBXFileReference section */

/* Begin PBXFrameworksBuildPhase section */
		A81FCB782949BDE300C2705C /* Frameworks */ = {
			isa = PBXFrameworksBuildPhase;
			buildActionMask = 2147483647;
			files = (
			);
			runOnlyForDeploymentPostprocessing = 0;
		};
/* End PBXFrameworksBuildPhase section */

/* Begin PBXGroup section */
		A81FCB722949BDDE00C2705C = {
			isa = PBXGroup;
			children = (
				A81FCB7D2949BDE400C2705C /* MultipleImagesDummy */,
				A81FCB7C2949BDE400C2705C /* Products */,
			);
			sourceTree = "<group>";
		};
		A81FCB7C2949BDE400C2705C /* Products */ = {
			isa = PBXGroup;
			children = (
				A81FCB7B2949BDE400C2705C /* MultipleImagesDummy.app */,
			);
			name = Products;
			sourceTree = "<group>";
		};
		A81FCB7D2949BDE400C2705C /* MultipleImagesDummy */ = {
			isa = PBXGroup;
			children = (
				A81FCB902949DE2D00C2705C /* ImageWidget.swift */,
				A81FCB8D2949DDC400C2705C /* Mac.jpeg */,
				A81FCB8C2949DDC400C2705C /* Mac2.jpeg */,
				A81FCB7E2949BDE500C2705C /* MultipleImagesDummyApp.swift */,
				A81FCB802949BDE600C2705C /* ContentView.swift */,
				A81FCB822949BE0100C2705C /* Assets.xcassets */,
				A81FCB842949BE0100C2705C /* Preview Content */,
			);
			path = MultipleImagesDummy;
			sourceTree = "<group>";
		};
		A81FCB842949BE0100C2705C /* Preview Content */ = {
			isa = PBXGroup;
			children = (
				A81FCB852949BE0100C2705C /* Preview Assets.xcassets */,
			);
			path = "Preview Content";
			sourceTree = "<group>";
		};
/* End PBXGroup section */

/* Begin PBXNativeTarget section */
		A81FCB7A2949BDE300C2705C /* MultipleImagesDummy */ = {
			isa = PBXNativeTarget;
			buildConfigurationList = A81FCB892949BE0100C2705C /* Build configuration list for PBXNativeTarget "MultipleImagesDummy" */;
			buildPhases = (
				A81FCB772949BDE300C2705C /* Sources */,
				A81FCB782949BDE300C2705C /* Frameworks */,
				A81FCB792949BDE300C2705C /* Resources */,
			);
			buildRules = (
			);
			dependencies = (
			);
			name = MultipleImagesDummy;
			productName = MultipleImagesDummy;
			productReference = A81FCB7B2949BDE400C2705C /* MultipleImagesDummy.app */;
			productType = "com.apple.product-type.application";
		};
/* End PBXNativeTarget section */

/* Begin PBXProject section */
		A81FCB732949BDDE00C2705C /* Project object */ = {
			isa = PBXProject;
			attributes = {
				BuildIndependentTargetsInParallel = 1;
				LastSwiftUpdateCheck = 1410;
				LastUpgradeCheck = 1410;
				TargetAttributes = {
					A81FCB7A2949BDE300C2705C = {
						CreatedOnToolsVersion = 14.1;
					};
				};
			};
			buildConfigurationList = A81FCB762949BDE200C2705C /* Build configuration list for PBXProject "MultipleImagesDummy" */;
			compatibilityVersion = "Xcode 14.0";
			developmentRegion = en;
			hasScannedForEncodings = 0;
			knownRegions = (
				en,
				Base,
			);
			mainGroup = A81FCB722949BDDE00C2705C;
			productRefGroup = A81FCB7C2949BDE400C2705C /* Products */;
			projectDirPath = "";
			projectRoot = "";
			targets = (
				A81FCB7A2949BDE300C2705C /* MultipleImagesDummy */,
			);
		};
/* End PBXProject section */

/* Begin PBXResourcesBuildPhase section */
		A81FCB792949BDE300C2705C /* Resources */ = {
			isa = PBXResourcesBuildPhase;
			buildActionMask = 2147483647;
			files = (
				A81FCB862949BE0100C2705C /* Preview Assets.xcassets in Resources */,
				A81FCB8F2949DDC400C2705C /* Mac.jpeg in Resources */,
				A81FCB8E2949DDC400C2705C /* Mac2.jpeg in Resources */,
				A81FCB832949BE0100C2705C /* Assets.xcassets in Resources */,
			);
			runOnlyForDeploymentPostprocessing = 0;
		};
/* End PBXResourcesBuildPhase section */

/* Begin PBXSourcesBuildPhase section */
		A81FCB772949BDE300C2705C /* Sources */ = {
			isa = PBXSourcesBuildPhase;
			buildActionMask = 2147483647;
			files = (
				A81FCB812949BDE600C2705C /* ContentView.swift in Sources */,
				A81FCB912949DE2D00C2705C /* ImageWidget.swift in Sources */,
				A81FCB7F2949BDE500C2705C /* MultipleImagesDummyApp.swift in Sources */,
			);
			runOnlyForDeploymentPostprocessing = 0;
		};
/* End PBXSourcesBuildPhase section */

/* Begin XCBuildConfiguration section */
		A81FCB872949BE0100C2705C /* Debug */ = {
			isa = XCBuildConfiguration;
			buildSettings = {
				ALWAYS_SEARCH_USER_PATHS = NO;
				CLANG_ANALYZER_NONNULL = YES;
				CLANG_ANALYZER_NUMBER_OBJECT_CONVERSION = YES_AGGRESSIVE;
				CLANG_CXX_LANGUAGE_STANDARD = "gnu++20";
				CLANG_ENABLE_MODULES = YES;
				CLANG_ENABLE_OBJC_ARC = YES;
				CLANG_ENABLE_OBJC_WEAK = YES;
				CLANG_WARN_BLOCK_CAPTURE_AUTORELEASING = YES;
				CLANG_WARN_BOOL_CONVERSION = YES;
				CLANG_WARN_COMMA = YES;
				CLANG_WARN_CONSTANT_CONVERSION = YES;
				CLANG_WARN_DEPRECATED_OBJC_IMPLEMENTATIONS = YES;
				CLANG_WARN_DIRECT_OBJC_ISA_USAGE = YES_ERROR;
				CLANG_WARN_DOCUMENTATION_COMMENTS = YES;
				CLANG_WARN_EMPTY_BODY = YES;
				CLANG_WARN_ENUM_CONVERSION = YES;
				CLANG_WARN_INFINITE_RECURSION = YES;
				CLANG_WARN_INT_CONVERSION = YES;
				CLANG_WARN_NON_LITERAL_NULL_CONVERSION = YES;
				CLANG_WARN_OBJC_IMPLICIT_RETAIN_SELF = YES;
				CLANG_WARN_OBJC_LITERAL_CONVERSION = YES;
				CLANG_WARN_OBJC_ROOT_CLASS = YES_ERROR;
				CLANG_WARN_QUOTED_INCLUDE_IN_FRAMEWORK_HEADER = YES;
				CLANG_WARN_RANGE_LOOP_ANALYSIS = YES;
				CLANG_WARN_STRICT_PROTOTYPES = YES;
				CLANG_WARN_SUSPICIOUS_MOVE = YES;
				CLANG_WARN_UNGUARDED_AVAILABILITY = YES_AGGRESSIVE;
				CLANG_WARN_UNREACHABLE_CODE = YES;
				CLANG_WARN__DUPLICATE_METHOD_MATCH = YES;
				COPY_PHASE_STRIP = NO;
				DEBUG_INFORMATION_FORMAT = dwarf;
				ENABLE_STRICT_OBJC_MSGSEND = YES;
				ENABLE_TESTABILITY = YES;
				GCC_C_LANGUAGE_STANDARD = gnu11;
				GCC_DYNAMIC_NO_PIC = NO;
				GCC_NO_COMMON_BLOCKS = YES;
				GCC_OPTIMIZATION_LEVEL = 0;
				GCC_PREPROCESSOR_DEFINITIONS = (
					"DEBUG=1",
					"$(inherited)",
				);
				GCC_WARN_64_TO_32_BIT_CONVERSION = YES;
				GCC_WARN_ABOUT_RETURN_TYPE = YES_ERROR;
				GCC_WARN_UNDECLARED_SELECTOR = YES;
				GCC_WARN_UNINITIALIZED_AUTOS = YES_AGGRESSIVE;
				GCC_WARN_UNUSED_FUNCTION = YES;
				GCC_WARN_UNUSED_VARIABLE = YES;
				IPHONEOS_DEPLOYMENT_TARGET = 16.1;
				MTL_ENABLE_DEBUG_INFO = INCLUDE_SOURCE;
				MTL_FAST_MATH = YES;
				ONLY_ACTIVE_ARCH = YES;
				SDKROOT = iphoneos;
				SWIFT_ACTIVE_COMPILATION_CONDITIONS = DEBUG;
				SWIFT_OPTIMIZATION_LEVEL = "-Onone";
			};
			name = Debug;
		};
		A81FCB882949BE0100C2705C /* Release */ = {
			isa = XCBuildConfiguration;
			buildSettings = {
				ALWAYS_SEARCH_USER_PATHS = NO;
				CLANG_ANALYZER_NONNULL = YES;
				CLANG_ANALYZER_NUMBER_OBJECT_CONVERSION = YES_AGGRESSIVE;
				CLANG_CXX_LANGUAGE_STANDARD = "gnu++20";
				CLANG_ENABLE_MODULES = YES;
				CLANG_ENABLE_OBJC_ARC = YES;
				CLANG_ENABLE_OBJC_WEAK = YES;
				CLANG_WARN_BLOCK_CAPTURE_AUTORELEASING = YES;
				CLANG_WARN_BOOL_CONVERSION = YES;
				CLANG_WARN_COMMA = YES;
				CLANG_WARN_CONSTANT_CONVERSION = YES;
				CLANG_WARN_DEPRECATED_OBJC_IMPLEMENTATIONS = YES;
				CLANG_WARN_DIRECT_OBJC_ISA_USAGE = YES_ERROR;
				CLANG_WARN_DOCUMENTATION_COMMENTS = YES;
				CLANG_WARN_EMPTY_BODY = YES;
				CLANG_WARN_ENUM_CONVERSION = YES;
				CLANG_WARN_INFINITE_RECURSION = YES;
				CLANG_WARN_INT_CONVERSION = YES;
				CLANG_WARN_NON_LITERAL_NULL_CONVERSION = YES;
				CLANG_WARN_OBJC_IMPLICIT_RETAIN_SELF = YES;
				CLANG_WARN_OBJC_LITERAL_CONVERSION = YES;
				CLANG_WARN_OBJC_ROOT_CLASS = YES_ERROR;
				CLANG_WARN_QUOTED_INCLUDE_IN_FRAMEWORK_HEADER = YES;
				CLANG_WARN_RANGE_LOOP_ANALYSIS = YES;
				CLANG_WARN_STRICT_PROTOTYPES = YES;
				CLANG_WARN_SUSPICIOUS_MOVE = YES;
				CLANG_WARN_UNGUARDED_AVAILABILITY = YES_AGGRESSIVE;
				CLANG_WARN_UNREACHABLE_CODE = YES;
				CLANG_WARN__DUPLICATE_METHOD_MATCH = YES;
				COPY_PHASE_STRIP = NO;
				DEBUG_INFORMATION_FORMAT = "dwarf-with-dsym";
				ENABLE_NS_ASSERTIONS = NO;
				ENABLE_STRICT_OBJC_MSGSEND = YES;
				GCC_C_LANGUAGE_STANDARD = gnu11;
				GCC_NO_COMMON_BLOCKS = YES;
				GCC_WARN_64_TO_32_BIT_CONVERSION = YES;
				GCC_WARN_ABOUT_RETURN_TYPE = YES_ERROR;
				GCC_WARN_UNDECLARED_SELECTOR = YES;
				GCC_WARN_UNINITIALIZED_AUTOS = YES_AGGRESSIVE;
				GCC_WARN_UNUSED_FUNCTION = YES;
				GCC_WARN_UNUSED_VARIABLE = YES;
				IPHONEOS_DEPLOYMENT_TARGET = 16.1;
				MTL_ENABLE_DEBUG_INFO = NO;
				MTL_FAST_MATH = YES;
				SDKROOT = iphoneos;
				SWIFT_COMPILATION_MODE = wholemodule;
				SWIFT_OPTIMIZATION_LEVEL = "-O";
				VALIDATE_PRODUCT = YES;
			};
			name = Release;
		};
		A81FCB8A2949BE0100C2705C /* Debug */ = {
			isa = XCBuildConfiguration;
			buildSettings = {
				ASSETCATALOG_COMPILER_APPICON_NAME = AppIcon;
				ASSETCATALOG_COMPILER_GLOBAL_ACCENT_COLOR_NAME = AccentColor;
				CODE_SIGN_STYLE = Automatic;
				CURRENT_PROJECT_VERSION = 1;
				DEVELOPMENT_ASSET_PATHS = "\"MultipleImagesDummy/Preview Content\"";
				DEVELOPMENT_TEAM = A8U8Q2EEBA;
				ENABLE_PREVIEWS = YES;
				GENERATE_INFOPLIST_FILE = YES;
				INFOPLIST_KEY_UIApplicationSceneManifest_Generation = YES;
				INFOPLIST_KEY_UIApplicationSupportsIndirectInputEvents = YES;
				INFOPLIST_KEY_UILaunchScreen_Generation = YES;
				INFOPLIST_KEY_UISupportedInterfaceOrientations_iPad = "UIInterfaceOrientationPortrait UIInterfaceOrientationPortraitUpsideDown UIInterfaceOrientationLandscapeLeft UIInterfaceOrientationLandscapeRight";
				INFOPLIST_KEY_UISupportedInterfaceOrientations_iPhone = "UIInterfaceOrientationPortrait UIInterfaceOrientationLandscapeLeft UIInterfaceOrientationLandscapeRight";
				LD_RUNPATH_SEARCH_PATHS = (
					"$(inherited)",
					"@executable_path/Frameworks",
				);
				MARKETING_VERSION = 1.0;
				PRODUCT_BUNDLE_IDENTIFIER = com.ingrammicro.MultipleImagesDummy;
				PRODUCT_NAME = "$(TARGET_NAME)";
				SWIFT_EMIT_LOC_STRINGS = YES;
				SWIFT_VERSION = 5.0;
				TARGETED_DEVICE_FAMILY = "1,2";
			};
			name = Debug;
		};
		A81FCB8B2949BE0100C2705C /* Release */ = {
			isa = XCBuildConfiguration;
			buildSettings = {
				ASSETCATALOG_COMPILER_APPICON_NAME = AppIcon;
				ASSETCATALOG_COMPILER_GLOBAL_ACCENT_COLOR_NAME = AccentColor;
				CODE_SIGN_STYLE = Automatic;
				CURRENT_PROJECT_VERSION = 1;
				DEVELOPMENT_ASSET_PATHS = "\"MultipleImagesDummy/Preview Content\"";
				DEVELOPMENT_TEAM = A8U8Q2EEBA;
				ENABLE_PREVIEWS = YES;
				GENERATE_INFOPLIST_FILE = YES;
				INFOPLIST_KEY_UIApplicationSceneManifest_Generation = YES;
				INFOPLIST_KEY_UIApplicationSupportsIndirectInputEvents = YES;
				INFOPLIST_KEY_UILaunchScreen_Generation = YES;
				INFOPLIST_KEY_UISupportedInterfaceOrientations_iPad = "UIInterfaceOrientationPortrait UIInterfaceOrientationPortraitUpsideDown UIInterfaceOrientationLandscapeLeft UIInterfaceOrientationLandscapeRight";
				INFOPLIST_KEY_UISupportedInterfaceOrientations_iPhone = "UIInterfaceOrientationPortrait UIInterfaceOrientationLandscapeLeft UIInterfaceOrientationLandscapeRight";
				LD_RUNPATH_SEARCH_PATHS = (
					"$(inherited)",
					"@executable_path/Frameworks",
				);
				MARKETING_VERSION = 1.0;
				PRODUCT_BUNDLE_IDENTIFIER = com.ingrammicro.MultipleImagesDummy;
				PRODUCT_NAME = "$(TARGET_NAME)";
				SWIFT_EMIT_LOC_STRINGS = YES;
				SWIFT_VERSION = 5.0;
				TARGETED_DEVICE_FAMILY = "1,2";
			};
			name = Release;
		};
/* End XCBuildConfiguration section */

/* Begin XCConfigurationList section */
		A81FCB762949BDE200C2705C /* Build configuration list for PBXProject "MultipleImagesDummy" */ = {
			isa = XCConfigurationList;
			buildConfigurations = (
				A81FCB872949BE0100C2705C /* Debug */,
				A81FCB882949BE0100C2705C /* Release */,
			);
			defaultConfigurationIsVisible = 0;
			defaultConfigurationName = Release;
		};
		A81FCB892949BE0100C2705C /* Build configuration list for PBXNativeTarget "MultipleImagesDummy" */ = {
			isa = XCConfigurationList;
			buildConfigurations = (
				A81FCB8A2949BE0100C2705C /* Debug */,
				A81FCB8B2949BE0100C2705C /* Release */,
			);
			defaultConfigurationIsVisible = 0;
			defaultConfigurationName = Release;
		};
/* End XCConfigurationList section */
	};
	rootObject = A81FCB732949BDDE00C2705C /* Project object */;
}
